
Microsoft Visual Studio Solution File, Format Version 12.00
# Visual Studio Version 16
VisualStudioVersion = 16.0.30907.101
MinimumVisualStudioVersion = 10.0.40219.1
Project("{FAE04EC0-301F-11D3-BF4B-00C04F79EFBC}") = "RestWithASPNETUdemy", "RestWithASPNETUdemy\RestWithASPNETUdemy.csproj", "{B7A47D71-43B1-4789-8740-7931B8ACD1FA}"
EndProject
Global
	GlobalSection(SolutionConfigurationPlatforms) = preSolution
		Debug|Any CPU = Debug|Any CPU
		Release|Any CPU = Release|Any CPU
	EndGlobalSection
	GlobalSection(ProjectConfigurationPlatforms) = postSolution
		{B7A47D71-43B1-4789-8740-7931B8ACD1FA}.Debug|Any CPU.ActiveCfg = Debug|Any CPU
		{B7A47D71-43B1-4789-8740-7931B8ACD1FA}.Debug|Any CPU.Build.0 = Debug|Any CPU
		{B7A47D71-43B1-4789-8740-7931B8ACD1FA}.Release|Any CPU.ActiveCfg = Release|Any CPU
		{B7A47D71-43B1-4789-8740-7931B8ACD1FA}.Release|Any CPU.Build.0 = Release|Any CPU
	EndGlobalSection
	GlobalSection(SolutionProperties) = preSolution
		HideSolutionNode = FALSE
	EndGlobalSection
	GlobalSection(ExtensibilityGlobals) = postSolution
		SolutionGuid = {EBB84E5F-9ABE-4220-B3B8-26B229E9E6F3}
	EndGlobalSection
EndGlobal
